
Microsoft Visual Studio Solution File, Format Version 12.00
# Visual Studio Version 16
VisualStudioVersion = 16.0.29409.12
MinimumVisualStudioVersion = 10.0.40219.1
Project("{FAE04EC0-301F-11D3-BF4B-00C04F79EFBC}") = "ConsoleApp1", "ConsoleApp1\ConsoleApp1.csproj", "{2F13946F-403B-48C7-9EDD-24A337A19837}"
EndProject
Project("{FAE04EC0-301F-11D3-BF4B-00C04F79EFBC}") = "Messages", "Messages\Messages.csproj", "{0462CC46-9209-489C-BB4B-122B4A0C7498}"
EndProject
Global
	GlobalSection(SolutionConfigurationPlatforms) = preSolution
		Debug|Any CPU = Debug|Any CPU
		Release|Any CPU = Release|Any CPU
	EndGlobalSection
	GlobalSection(ProjectConfigurationPlatforms) = postSolution
		{2F13946F-403B-48C7-9EDD-24A337A19837}.Debug|Any CPU.ActiveCfg = Debug|Any CPU
		{2F13946F-403B-48C7-9EDD-24A337A19837}.Debug|Any CPU.Build.0 = Debug|Any CPU
		{2F13946F-403B-48C7-9EDD-24A337A19837}.Release|Any CPU.ActiveCfg = Release|Any CPU
		{2F13946F-403B-48C7-9EDD-24A337A19837}.Release|Any CPU.Build.0 = Release|Any CPU
		{0462CC46-9209-489C-BB4B-122B4A0C7498}.Debug|Any CPU.ActiveCfg = Debug|Any CPU
		{0462CC46-9209-489C-BB4B-122B4A0C7498}.Debug|Any CPU.Build.0 = Debug|Any CPU
		{0462CC46-9209-489C-BB4B-122B4A0C7498}.Release|Any CPU.ActiveCfg = Release|Any CPU
		{0462CC46-9209-489C-BB4B-122B4A0C7498}.Release|Any CPU.Build.0 = Release|Any CPU
	EndGlobalSection
	GlobalSection(SolutionProperties) = preSolution
		HideSolutionNode = FALSE
	EndGlobalSection
	GlobalSection(ExtensibilityGlobals) = postSolution
		SolutionGuid = {361DB95B-5DEF-43A9-BEEE-6B23551E83B9}
	EndGlobalSection
EndGlobal
